// !$*UTF8*$!
{
	archiveVersion = 1;
	classes = {
	};
	objectVersion = 56;
	objects = {

/* Begin PBXBuildFile section */
		5B2FFDC42A390889008F21E5 /* StateBar.swift in Sources */ = {isa = PBXBuildFile; fileRef = 5B2FFDC32A390889008F21E5 /* StateBar.swift */; };
		5B2FFDC92A390993008F21E5 /* Image.swift in Sources */ = {isa = PBXBuildFile; fileRef = 5B2FFDC82A390993008F21E5 /* Image.swift */; };
		5BA8EBC72A6DB27200B5B6FA /* PhaseCycleCircle.swift in Sources */ = {isa = PBXBuildFile; fileRef = 5BA8EBC62A6DB27200B5B6FA /* PhaseCycleCircle.swift */; };
		940078472A8EA36E0052532A /* PopUpButton.swift in Sources */ = {isa = PBXBuildFile; fileRef = 940078462A8EA36E0052532A /* PopUpButton.swift */; };
		940078492A8EB4440052532A /* Responsive.swift in Sources */ = {isa = PBXBuildFile; fileRef = 940078482A8EB4440052532A /* Responsive.swift */; };
		9404FDA82A7839240000B7BD /* ItemView.swift in Sources */ = {isa = PBXBuildFile; fileRef = 9404FDA72A7839240000B7BD /* ItemView.swift */; };
		9404FDAA2A783AC30000B7BD /* SurvivalKitView.swift in Sources */ = {isa = PBXBuildFile; fileRef = 9404FDA92A783AC30000B7BD /* SurvivalKitView.swift */; };
		9404FDB02A7844200000B7BD /* SurvivalKitButton.swift in Sources */ = {isa = PBXBuildFile; fileRef = 9404FDAF2A7844200000B7BD /* SurvivalKitButton.swift */; };
		9470B36C2AA7C1A000A1FB5D /* NavigationManager.swift in Sources */ = {isa = PBXBuildFile; fileRef = 9470B36B2AA7C1A000A1FB5D /* NavigationManager.swift */; };
		9470B36E2AA7C1CB00A1FB5D /* UtiRoute.swift in Sources */ = {isa = PBXBuildFile; fileRef = 9470B36D2AA7C1CB00A1FB5D /* UtiRoute.swift */; };
		94B42A742A8AC6A70007CEB1 /* CycleChangePopupView.swift in Sources */ = {isa = PBXBuildFile; fileRef = 94B42A732A8AC6A70007CEB1 /* CycleChangePopupView.swift */; };
		94BB14752A9FD078009D30E7 /* OnboardingView.swift in Sources */ = {isa = PBXBuildFile; fileRef = 94BB14742A9FD078009D30E7 /* OnboardingView.swift */; };
		94BB14772A9FDCEB009D30E7 /* OnboardingButton.swift in Sources */ = {isa = PBXBuildFile; fileRef = 94BB14762A9FDCEB009D30E7 /* OnboardingButton.swift */; };
		94DEFB2D2AC3784700420383 /* ItemsFeedbackView.swift in Sources */ = {isa = PBXBuildFile; fileRef = 94DEFB2C2AC3784700420383 /* ItemsFeedbackView.swift */; };
		94EF14E22AAB59E200B56BA7 /* NotificationManager.swift in Sources */ = {isa = PBXBuildFile; fileRef = 94EF14E12AAB59E200B56BA7 /* NotificationManager.swift */; };
		EB3AA1392A3F408900110B11 /* TimerManager.swift in Sources */ = {isa = PBXBuildFile; fileRef = EB3AA1382A3F408900110B11 /* TimerManager.swift */; };
		EB5455402ABF243A009FC2D4 /* CycleClockViewController.swift in Sources */ = {isa = PBXBuildFile; fileRef = EB54553F2ABF243A009FC2D4 /* CycleClockViewController.swift */; };
		EB5455422ABF71F4009FC2D4 /* CycleClockView.swift in Sources */ = {isa = PBXBuildFile; fileRef = EB5455412ABF71F4009FC2D4 /* CycleClockView.swift */; };
		EB5E2A502ABB928E00931446 /* GlobalFrameReader.swift in Sources */ = {isa = PBXBuildFile; fileRef = EB5E2A4F2ABB928E00931446 /* GlobalFrameReader.swift */; };
		EB5E2A522ABBC56100931446 /* RoundedCorner.swift in Sources */ = {isa = PBXBuildFile; fileRef = EB5E2A512ABBC56100931446 /* RoundedCorner.swift */; };
		EB6CCCB82A8171F700C072FE /* Localizable.strings in Resources */ = {isa = PBXBuildFile; fileRef = EB6CCCBA2A8171F700C072FE /* Localizable.strings */; };
		EB85FF9B2ADF1F26001295BA /* MinigameView.swift in Sources */ = {isa = PBXBuildFile; fileRef = EB85FF9A2ADF1F26001295BA /* MinigameView.swift */; };
		EB85FF9D2ADF1F31001295BA /* MinigameScene.swift in Sources */ = {isa = PBXBuildFile; fileRef = EB85FF9C2ADF1F31001295BA /* MinigameScene.swift */; };
		EB98B6D72A7D43560004513A /* Color.swift in Sources */ = {isa = PBXBuildFile; fileRef = EB98B6D62A7D43560004513A /* Color.swift */; };
		EB98B6D92A7D62E70004513A /* Spacing.swift in Sources */ = {isa = PBXBuildFile; fileRef = EB98B6D82A7D62E70004513A /* Spacing.swift */; };
		EB98B6DB2A7D63F20004513A /* Opacity.swift in Sources */ = {isa = PBXBuildFile; fileRef = EB98B6DA2A7D63F20004513A /* Opacity.swift */; };
		EB98B6DD2A7D64200004513A /* Typography.swift in Sources */ = {isa = PBXBuildFile; fileRef = EB98B6DC2A7D64200004513A /* Typography.swift */; };
		EB98B6E32A7D7EB20004513A /* Body.swift in Sources */ = {isa = PBXBuildFile; fileRef = EB98B6E22A7D7EB20004513A /* Body.swift */; };
		EBAEA61D2A37540A004BF7E9 /* UtiApp.swift in Sources */ = {isa = PBXBuildFile; fileRef = EBAEA61C2A37540A004BF7E9 /* UtiApp.swift */; };
		EBAEA61F2A37540A004BF7E9 /* ContentView.swift in Sources */ = {isa = PBXBuildFile; fileRef = EBAEA61E2A37540A004BF7E9 /* ContentView.swift */; };
		EBAEA6212A37540B004BF7E9 /* Assets.xcassets in Resources */ = {isa = PBXBuildFile; fileRef = EBAEA6202A37540B004BF7E9 /* Assets.xcassets */; };
		EBAEA6242A37540B004BF7E9 /* Preview Assets.xcassets in Resources */ = {isa = PBXBuildFile; fileRef = EBAEA6232A37540B004BF7E9 /* Preview Assets.xcassets */; };
		EBAEA62F2A3756B0004BF7E9 /* Uti.swift in Sources */ = {isa = PBXBuildFile; fileRef = EBAEA62E2A3756B0004BF7E9 /* Uti.swift */; };
		EBAEA6312A375806004BF7E9 /* Item.swift in Sources */ = {isa = PBXBuildFile; fileRef = EBAEA6302A375806004BF7E9 /* Item.swift */; };
		EBAEA6352A38B531004BF7E9 /* UtiStore.swift in Sources */ = {isa = PBXBuildFile; fileRef = EBAEA6342A38B531004BF7E9 /* UtiStore.swift */; };
		EBAEA6372A38BA59004BF7E9 /* ViewModel.swift in Sources */ = {isa = PBXBuildFile; fileRef = EBAEA6362A38BA59004BF7E9 /* ViewModel.swift */; };
		EBAEA6392A38BA60004BF7E9 /* View.swift in Sources */ = {isa = PBXBuildFile; fileRef = EBAEA6382A38BA60004BF7E9 /* View.swift */; };
		EBAEA63B2A38BA68004BF7E9 /* Component.swift in Sources */ = {isa = PBXBuildFile; fileRef = EBAEA63A2A38BA68004BF7E9 /* Component.swift */; };
/* End PBXBuildFile section */

/* Begin PBXFileReference section */
		5B2FFDC32A390889008F21E5 /* StateBar.swift */ = {isa = PBXFileReference; lastKnownFileType = sourcecode.swift; path = StateBar.swift; sourceTree = "<group>"; };
		5B2FFDC82A390993008F21E5 /* Image.swift */ = {isa = PBXFileReference; lastKnownFileType = sourcecode.swift; path = Image.swift; sourceTree = "<group>"; };
		5BA8EBC62A6DB27200B5B6FA /* PhaseCycleCircle.swift */ = {isa = PBXFileReference; lastKnownFileType = sourcecode.swift; path = PhaseCycleCircle.swift; sourceTree = "<group>"; };
		940078462A8EA36E0052532A /* PopUpButton.swift */ = {isa = PBXFileReference; lastKnownFileType = sourcecode.swift; path = PopUpButton.swift; sourceTree = "<group>"; };
		940078482A8EB4440052532A /* Responsive.swift */ = {isa = PBXFileReference; lastKnownFileType = sourcecode.swift; path = Responsive.swift; sourceTree = "<group>"; };
		9404FDA72A7839240000B7BD /* ItemView.swift */ = {isa = PBXFileReference; lastKnownFileType = sourcecode.swift; path = ItemView.swift; sourceTree = "<group>"; };
		9404FDA92A783AC30000B7BD /* SurvivalKitView.swift */ = {isa = PBXFileReference; lastKnownFileType = sourcecode.swift; path = SurvivalKitView.swift; sourceTree = "<group>"; };
		9404FDAF2A7844200000B7BD /* SurvivalKitButton.swift */ = {isa = PBXFileReference; lastKnownFileType = sourcecode.swift; path = SurvivalKitButton.swift; sourceTree = "<group>"; };
		9470B36B2AA7C1A000A1FB5D /* NavigationManager.swift */ = {isa = PBXFileReference; lastKnownFileType = sourcecode.swift; path = NavigationManager.swift; sourceTree = "<group>"; };
		9470B36D2AA7C1CB00A1FB5D /* UtiRoute.swift */ = {isa = PBXFileReference; lastKnownFileType = sourcecode.swift; path = UtiRoute.swift; sourceTree = "<group>"; };
		94B42A732A8AC6A70007CEB1 /* CycleChangePopupView.swift */ = {isa = PBXFileReference; lastKnownFileType = sourcecode.swift; path = CycleChangePopupView.swift; sourceTree = "<group>"; };
		94BB14742A9FD078009D30E7 /* OnboardingView.swift */ = {isa = PBXFileReference; lastKnownFileType = sourcecode.swift; path = OnboardingView.swift; sourceTree = "<group>"; };
		94BB14762A9FDCEB009D30E7 /* OnboardingButton.swift */ = {isa = PBXFileReference; lastKnownFileType = sourcecode.swift; path = OnboardingButton.swift; sourceTree = "<group>"; };
		94DEFB2C2AC3784700420383 /* ItemsFeedbackView.swift */ = {isa = PBXFileReference; lastKnownFileType = sourcecode.swift; path = ItemsFeedbackView.swift; sourceTree = "<group>"; };
		94EF14E12AAB59E200B56BA7 /* NotificationManager.swift */ = {isa = PBXFileReference; lastKnownFileType = sourcecode.swift; path = NotificationManager.swift; sourceTree = "<group>"; };
		EB3AA1382A3F408900110B11 /* TimerManager.swift */ = {isa = PBXFileReference; lastKnownFileType = sourcecode.swift; path = TimerManager.swift; sourceTree = "<group>"; };
		EB54553F2ABF243A009FC2D4 /* CycleClockViewController.swift */ = {isa = PBXFileReference; lastKnownFileType = sourcecode.swift; path = CycleClockViewController.swift; sourceTree = "<group>"; };
		EB5455412ABF71F4009FC2D4 /* CycleClockView.swift */ = {isa = PBXFileReference; lastKnownFileType = sourcecode.swift; path = CycleClockView.swift; sourceTree = "<group>"; };
		EB5E2A4F2ABB928E00931446 /* GlobalFrameReader.swift */ = {isa = PBXFileReference; lastKnownFileType = sourcecode.swift; path = GlobalFrameReader.swift; sourceTree = "<group>"; };
		EB5E2A512ABBC56100931446 /* RoundedCorner.swift */ = {isa = PBXFileReference; lastKnownFileType = sourcecode.swift; path = RoundedCorner.swift; sourceTree = "<group>"; };
		EB6CCCB92A8171F700C072FE /* en */ = {isa = PBXFileReference; lastKnownFileType = text.plist.strings; name = en; path = en.lproj/Localizable.strings; sourceTree = "<group>"; };
		EB6CCCBB2A81721500C072FE /* pt-BR */ = {isa = PBXFileReference; lastKnownFileType = text.plist.strings; name = "pt-BR"; path = "pt-BR.lproj/Localizable.strings"; sourceTree = "<group>"; };
		EB85FF9A2ADF1F26001295BA /* MinigameView.swift */ = {isa = PBXFileReference; lastKnownFileType = sourcecode.swift; path = MinigameView.swift; sourceTree = "<group>"; };
		EB85FF9C2ADF1F31001295BA /* MinigameScene.swift */ = {isa = PBXFileReference; lastKnownFileType = sourcecode.swift; path = MinigameScene.swift; sourceTree = "<group>"; };
		EB98B6D62A7D43560004513A /* Color.swift */ = {isa = PBXFileReference; lastKnownFileType = sourcecode.swift; path = Color.swift; sourceTree = "<group>"; };
		EB98B6D82A7D62E70004513A /* Spacing.swift */ = {isa = PBXFileReference; lastKnownFileType = sourcecode.swift; path = Spacing.swift; sourceTree = "<group>"; };
		EB98B6DA2A7D63F20004513A /* Opacity.swift */ = {isa = PBXFileReference; lastKnownFileType = sourcecode.swift; path = Opacity.swift; sourceTree = "<group>"; };
		EB98B6DC2A7D64200004513A /* Typography.swift */ = {isa = PBXFileReference; lastKnownFileType = sourcecode.swift; path = Typography.swift; sourceTree = "<group>"; };
		EB98B6E22A7D7EB20004513A /* Body.swift */ = {isa = PBXFileReference; lastKnownFileType = sourcecode.swift; path = Body.swift; sourceTree = "<group>"; };
		EBA1C8E32AA2534A00EB130D /* Uti.xctestplan */ = {isa = PBXFileReference; lastKnownFileType = text; path = Uti.xctestplan; sourceTree = "<group>"; };
		EBAEA6192A37540A004BF7E9 /* Uti.app */ = {isa = PBXFileReference; explicitFileType = wrapper.application; includeInIndex = 0; path = Uti.app; sourceTree = BUILT_PRODUCTS_DIR; };
		EBAEA61C2A37540A004BF7E9 /* UtiApp.swift */ = {isa = PBXFileReference; lastKnownFileType = sourcecode.swift; path = UtiApp.swift; sourceTree = "<group>"; };
		EBAEA61E2A37540A004BF7E9 /* ContentView.swift */ = {isa = PBXFileReference; lastKnownFileType = sourcecode.swift; path = ContentView.swift; sourceTree = "<group>"; };
		EBAEA6202A37540B004BF7E9 /* Assets.xcassets */ = {isa = PBXFileReference; lastKnownFileType = folder.assetcatalog; path = Assets.xcassets; sourceTree = "<group>"; };
		EBAEA6232A37540B004BF7E9 /* Preview Assets.xcassets */ = {isa = PBXFileReference; lastKnownFileType = folder.assetcatalog; path = "Preview Assets.xcassets"; sourceTree = "<group>"; };
		EBAEA62E2A3756B0004BF7E9 /* Uti.swift */ = {isa = PBXFileReference; lastKnownFileType = sourcecode.swift; path = Uti.swift; sourceTree = "<group>"; };
		EBAEA6302A375806004BF7E9 /* Item.swift */ = {isa = PBXFileReference; lastKnownFileType = sourcecode.swift; path = Item.swift; sourceTree = "<group>"; };
		EBAEA6342A38B531004BF7E9 /* UtiStore.swift */ = {isa = PBXFileReference; lastKnownFileType = sourcecode.swift; path = UtiStore.swift; sourceTree = "<group>"; };
		EBAEA6362A38BA59004BF7E9 /* ViewModel.swift */ = {isa = PBXFileReference; lastKnownFileType = sourcecode.swift; path = ViewModel.swift; sourceTree = "<group>"; };
		EBAEA6382A38BA60004BF7E9 /* View.swift */ = {isa = PBXFileReference; lastKnownFileType = sourcecode.swift; path = View.swift; sourceTree = "<group>"; };
		EBAEA63A2A38BA68004BF7E9 /* Component.swift */ = {isa = PBXFileReference; lastKnownFileType = sourcecode.swift; path = Component.swift; sourceTree = "<group>"; };
/* End PBXFileReference section */

/* Begin PBXFrameworksBuildPhase section */
		EBAEA6162A37540A004BF7E9 /* Frameworks */ = {
			isa = PBXFrameworksBuildPhase;
			buildActionMask = 2147483647;
			files = (
			);
			runOnlyForDeploymentPostprocessing = 0;
		};
/* End PBXFrameworksBuildPhase section */

/* Begin PBXGroup section */
		9470B36A2AA7C18800A1FB5D /* Navigation */ = {
			isa = PBXGroup;
			children = (
				9470B36B2AA7C1A000A1FB5D /* NavigationManager.swift */,
				9470B36D2AA7C1CB00A1FB5D /* UtiRoute.swift */,
			);
			path = Navigation;
			sourceTree = "<group>";
		};
		94EF14E02AAB59C000B56BA7 /* Notifications */ = {
			isa = PBXGroup;
			children = (
				94EF14E12AAB59E200B56BA7 /* NotificationManager.swift */,
			);
			path = Notifications;
			sourceTree = "<group>";
		};
		EB85FF9E2ADF2370001295BA /* Minigames */ = {
			isa = PBXGroup;
			children = (
				EB85FF9A2ADF1F26001295BA /* MinigameView.swift */,
				EB85FF9C2ADF1F31001295BA /* MinigameScene.swift */,
			);
			path = Minigames;
			sourceTree = "<group>";
		};
		EB98B6D42A7D42DE0004513A /* UI */ = {
			isa = PBXGroup;
			children = (
				EB98B6DE2A7D7E390004513A /* Atoms */,
				EB98B6D52A7D43430004513A /* Particles */,
				940078482A8EB4440052532A /* Responsive.swift */,
				EB5E2A512ABBC56100931446 /* RoundedCorner.swift */,
			);
			path = UI;
			sourceTree = "<group>";
		};
		EB98B6D52A7D43430004513A /* Particles */ = {
			isa = PBXGroup;
			children = (
				EB98B6D62A7D43560004513A /* Color.swift */,
				5B2FFDC82A390993008F21E5 /* Image.swift */,
				EB98B6D82A7D62E70004513A /* Spacing.swift */,
				EB98B6DA2A7D63F20004513A /* Opacity.swift */,
				EB98B6DC2A7D64200004513A /* Typography.swift */,
			);
			path = Particles;
			sourceTree = "<group>";
		};
		EB98B6DE2A7D7E390004513A /* Atoms */ = {
			isa = PBXGroup;
			children = (
				EB98B6E12A7D7E9C0004513A /* Text */,
			);
			path = Atoms;
			sourceTree = "<group>";
		};
		EB98B6E12A7D7E9C0004513A /* Text */ = {
			isa = PBXGroup;
			children = (
				EB98B6E22A7D7EB20004513A /* Body.swift */,
			);
			path = Text;
			sourceTree = "<group>";
		};
		EBAEA6102A37540A004BF7E9 = {
			isa = PBXGroup;
			children = (
				EBA1C8E32AA2534A00EB130D /* Uti.xctestplan */,
				EBAEA61B2A37540A004BF7E9 /* Uti */,
				EBAEA61A2A37540A004BF7E9 /* Products */,
			);
			sourceTree = "<group>";
		};
		EBAEA61A2A37540A004BF7E9 /* Products */ = {
			isa = PBXGroup;
			children = (
				EBAEA6192A37540A004BF7E9 /* Uti.app */,
			);
			name = Products;
			sourceTree = "<group>";
		};
		EBAEA61B2A37540A004BF7E9 /* Uti */ = {
			isa = PBXGroup;
			children = (
				94EF14E02AAB59C000B56BA7 /* Notifications */,
				9470B36A2AA7C18800A1FB5D /* Navigation */,
				EB98B6D42A7D42DE0004513A /* UI */,
				EBAEA62D2A375472004BF7E9 /* Models */,
				EBAEA62C2A375466004BF7E9 /* ViewModels */,
				EBAEA62B2A37545F004BF7E9 /* Views */,
				EBAEA62A2A375441004BF7E9 /* Components */,
				EB3AA1382A3F408900110B11 /* TimerManager.swift */,
				EBAEA61E2A37540A004BF7E9 /* ContentView.swift */,
				EBAEA61C2A37540A004BF7E9 /* UtiApp.swift */,
				EBAEA6202A37540B004BF7E9 /* Assets.xcassets */,
				EB6CCCBA2A8171F700C072FE /* Localizable.strings */,
				EBAEA6222A37540B004BF7E9 /* Preview Content */,
			);
			path = Uti;
			sourceTree = "<group>";
		};
		EBAEA6222A37540B004BF7E9 /* Preview Content */ = {
			isa = PBXGroup;
			children = (
				EBAEA6232A37540B004BF7E9 /* Preview Assets.xcassets */,
			);
			path = "Preview Content";
			sourceTree = "<group>";
		};
		EBAEA62A2A375441004BF7E9 /* Components */ = {
			isa = PBXGroup;
			children = (
				EBAEA63A2A38BA68004BF7E9 /* Component.swift */,
				5B2FFDC32A390889008F21E5 /* StateBar.swift */,
				5BA8EBC62A6DB27200B5B6FA /* PhaseCycleCircle.swift */,
				9404FDAF2A7844200000B7BD /* SurvivalKitButton.swift */,
				940078462A8EA36E0052532A /* PopUpButton.swift */,
				94BB14762A9FDCEB009D30E7 /* OnboardingButton.swift */,
				EB54553F2ABF243A009FC2D4 /* CycleClockViewController.swift */,
				EB5455412ABF71F4009FC2D4 /* CycleClockView.swift */,
			);
			path = Components;
			sourceTree = "<group>";
		};
		EBAEA62B2A37545F004BF7E9 /* Views */ = {
			isa = PBXGroup;
			children = (
				EB85FF9E2ADF2370001295BA /* Minigames */,
				EBAEA6382A38BA60004BF7E9 /* View.swift */,
				9404FDA72A7839240000B7BD /* ItemView.swift */,
				9404FDA92A783AC30000B7BD /* SurvivalKitView.swift */,
				94B42A732A8AC6A70007CEB1 /* CycleChangePopupView.swift */,
				94BB14742A9FD078009D30E7 /* OnboardingView.swift */,
				EB5E2A4F2ABB928E00931446 /* GlobalFrameReader.swift */,
				94DEFB2C2AC3784700420383 /* ItemsFeedbackView.swift */,
			);
			path = Views;
			sourceTree = "<group>";
		};
		EBAEA62C2A375466004BF7E9 /* ViewModels */ = {
			isa = PBXGroup;
			children = (
				EBAEA6362A38BA59004BF7E9 /* ViewModel.swift */,
			);
			path = ViewModels;
			sourceTree = "<group>";
		};
		EBAEA62D2A375472004BF7E9 /* Models */ = {
			isa = PBXGroup;
			children = (
				EBAEA62E2A3756B0004BF7E9 /* Uti.swift */,
				EBAEA6342A38B531004BF7E9 /* UtiStore.swift */,
				EBAEA6302A375806004BF7E9 /* Item.swift */,
			);
			path = Models;
			sourceTree = "<group>";
		};
/* End PBXGroup section */

/* Begin PBXNativeTarget section */
		EBAEA6182A37540A004BF7E9 /* Uti */ = {
			isa = PBXNativeTarget;
			buildConfigurationList = EBAEA6272A37540B004BF7E9 /* Build configuration list for PBXNativeTarget "Uti" */;
			buildPhases = (
				EBAEA6152A37540A004BF7E9 /* Sources */,
				EBAEA6162A37540A004BF7E9 /* Frameworks */,
				EBAEA6172A37540A004BF7E9 /* Resources */,
			);
			buildRules = (
			);
			dependencies = (
			);
			name = Uti;
			productName = Uti;
			productReference = EBAEA6192A37540A004BF7E9 /* Uti.app */;
			productType = "com.apple.product-type.application";
		};
/* End PBXNativeTarget section */

/* Begin PBXProject section */
		EBAEA6112A37540A004BF7E9 /* Project object */ = {
			isa = PBXProject;
			attributes = {
				BuildIndependentTargetsInParallel = 1;
				LastSwiftUpdateCheck = 1430;
				LastUpgradeCheck = 1430;
				TargetAttributes = {
					EBAEA6182A37540A004BF7E9 = {
						CreatedOnToolsVersion = 14.3.1;
					};
				};
			};
			buildConfigurationList = EBAEA6142A37540A004BF7E9 /* Build configuration list for PBXProject "Uti" */;
			compatibilityVersion = "Xcode 14.0";
			developmentRegion = en;
			hasScannedForEncodings = 0;
			knownRegions = (
				en,
				"pt-BR",
				Base,
			);
			mainGroup = EBAEA6102A37540A004BF7E9;
			productRefGroup = EBAEA61A2A37540A004BF7E9 /* Products */;
			projectDirPath = "";
			projectRoot = "";
			targets = (
				EBAEA6182A37540A004BF7E9 /* Uti */,
			);
		};
/* End PBXProject section */

/* Begin PBXResourcesBuildPhase section */
		EBAEA6172A37540A004BF7E9 /* Resources */ = {
			isa = PBXResourcesBuildPhase;
			buildActionMask = 2147483647;
			files = (
				EBAEA6242A37540B004BF7E9 /* Preview Assets.xcassets in Resources */,
				EB6CCCB82A8171F700C072FE /* Localizable.strings in Resources */,
				EBAEA6212A37540B004BF7E9 /* Assets.xcassets in Resources */,
			);
			runOnlyForDeploymentPostprocessing = 0;
		};
/* End PBXResourcesBuildPhase section */

/* Begin PBXSourcesBuildPhase section */
		EBAEA6152A37540A004BF7E9 /* Sources */ = {
			isa = PBXSourcesBuildPhase;
			buildActionMask = 2147483647;
			files = (
				EBAEA6312A375806004BF7E9 /* Item.swift in Sources */,
				EB5455422ABF71F4009FC2D4 /* CycleClockView.swift in Sources */,
				EB5E2A502ABB928E00931446 /* GlobalFrameReader.swift in Sources */,
				9470B36E2AA7C1CB00A1FB5D /* UtiRoute.swift in Sources */,
				EB98B6DB2A7D63F20004513A /* Opacity.swift in Sources */,
				EB98B6D72A7D43560004513A /* Color.swift in Sources */,
				EB98B6E32A7D7EB20004513A /* Body.swift in Sources */,
				94BB14772A9FDCEB009D30E7 /* OnboardingButton.swift in Sources */,
				EB98B6DD2A7D64200004513A /* Typography.swift in Sources */,
				EB98B6D92A7D62E70004513A /* Spacing.swift in Sources */,
				9404FDB02A7844200000B7BD /* SurvivalKitButton.swift in Sources */,
				EBAEA61F2A37540A004BF7E9 /* ContentView.swift in Sources */,
				EB85FF9D2ADF1F31001295BA /* MinigameScene.swift in Sources */,
				94BB14752A9FD078009D30E7 /* OnboardingView.swift in Sources */,
				5B2FFDC92A390993008F21E5 /* Image.swift in Sources */,
				EBAEA62F2A3756B0004BF7E9 /* Uti.swift in Sources */,
				5B2FFDC42A390889008F21E5 /* StateBar.swift in Sources */,
				EBAEA6352A38B531004BF7E9 /* UtiStore.swift in Sources */,
				EB85FF9B2ADF1F26001295BA /* MinigameView.swift in Sources */,
				5BA8EBC72A6DB27200B5B6FA /* PhaseCycleCircle.swift in Sources */,
				94B42A742A8AC6A70007CEB1 /* CycleChangePopupView.swift in Sources */,
				EBAEA6372A38BA59004BF7E9 /* ViewModel.swift in Sources */,
				EB5455402ABF243A009FC2D4 /* CycleClockViewController.swift in Sources */,
				9404FDAA2A783AC30000B7BD /* SurvivalKitView.swift in Sources */,
				940078492A8EB4440052532A /* Responsive.swift in Sources */,
				9470B36C2AA7C1A000A1FB5D /* NavigationManager.swift in Sources */,
				EBAEA63B2A38BA68004BF7E9 /* Component.swift in Sources */,
				94DEFB2D2AC3784700420383 /* ItemsFeedbackView.swift in Sources */,
				EB3AA1392A3F408900110B11 /* TimerManager.swift in Sources */,
				9404FDA82A7839240000B7BD /* ItemView.swift in Sources */,
				EB5E2A522ABBC56100931446 /* RoundedCorner.swift in Sources */,
				EBAEA6392A38BA60004BF7E9 /* View.swift in Sources */,
				EBAEA61D2A37540A004BF7E9 /* UtiApp.swift in Sources */,
				94EF14E22AAB59E200B56BA7 /* NotificationManager.swift in Sources */,
				940078472A8EA36E0052532A /* PopUpButton.swift in Sources */,
			);
			runOnlyForDeploymentPostprocessing = 0;
		};
/* End PBXSourcesBuildPhase section */

/* Begin PBXVariantGroup section */
		EB6CCCBA2A8171F700C072FE /* Localizable.strings */ = {
			isa = PBXVariantGroup;
			children = (
				EB6CCCB92A8171F700C072FE /* en */,
				EB6CCCBB2A81721500C072FE /* pt-BR */,
			);
			name = Localizable.strings;
			sourceTree = "<group>";
		};
/* End PBXVariantGroup section */

/* Begin XCBuildConfiguration section */
		EBAEA6252A37540B004BF7E9 /* Debug */ = {
			isa = XCBuildConfiguration;
			buildSettings = {
				ALWAYS_SEARCH_USER_PATHS = NO;
				CLANG_ANALYZER_LOCALIZABILITY_NONLOCALIZED = YES;
				CLANG_ANALYZER_NONNULL = YES;
				CLANG_ANALYZER_NUMBER_OBJECT_CONVERSION = YES_AGGRESSIVE;
				CLANG_CXX_LANGUAGE_STANDARD = "gnu++20";
				CLANG_ENABLE_MODULES = YES;
				CLANG_ENABLE_OBJC_ARC = YES;
				CLANG_ENABLE_OBJC_WEAK = YES;
				CLANG_WARN_BLOCK_CAPTURE_AUTORELEASING = YES;
				CLANG_WARN_BOOL_CONVERSION = YES;
				CLANG_WARN_COMMA = YES;
				CLANG_WARN_CONSTANT_CONVERSION = YES;
				CLANG_WARN_DEPRECATED_OBJC_IMPLEMENTATIONS = YES;
				CLANG_WARN_DIRECT_OBJC_ISA_USAGE = YES_ERROR;
				CLANG_WARN_DOCUMENTATION_COMMENTS = YES;
				CLANG_WARN_EMPTY_BODY = YES;
				CLANG_WARN_ENUM_CONVERSION = YES;
				CLANG_WARN_INFINITE_RECURSION = YES;
				CLANG_WARN_INT_CONVERSION = YES;
				CLANG_WARN_NON_LITERAL_NULL_CONVERSION = YES;
				CLANG_WARN_OBJC_IMPLICIT_RETAIN_SELF = YES;
				CLANG_WARN_OBJC_LITERAL_CONVERSION = YES;
				CLANG_WARN_OBJC_ROOT_CLASS = YES_ERROR;
				CLANG_WARN_QUOTED_INCLUDE_IN_FRAMEWORK_HEADER = YES;
				CLANG_WARN_RANGE_LOOP_ANALYSIS = YES;
				CLANG_WARN_STRICT_PROTOTYPES = YES;
				CLANG_WARN_SUSPICIOUS_MOVE = YES;
				CLANG_WARN_UNGUARDED_AVAILABILITY = YES_AGGRESSIVE;
				CLANG_WARN_UNREACHABLE_CODE = YES;
				CLANG_WARN__DUPLICATE_METHOD_MATCH = YES;
				COPY_PHASE_STRIP = NO;
				DEBUG_INFORMATION_FORMAT = dwarf;
				ENABLE_STRICT_OBJC_MSGSEND = YES;
				ENABLE_TESTABILITY = YES;
				GCC_C_LANGUAGE_STANDARD = gnu11;
				GCC_DYNAMIC_NO_PIC = NO;
				GCC_NO_COMMON_BLOCKS = YES;
				GCC_OPTIMIZATION_LEVEL = 0;
				GCC_PREPROCESSOR_DEFINITIONS = (
					"DEBUG=1",
					"$(inherited)",
				);
				GCC_WARN_64_TO_32_BIT_CONVERSION = YES;
				GCC_WARN_ABOUT_RETURN_TYPE = YES_ERROR;
				GCC_WARN_UNDECLARED_SELECTOR = YES;
				GCC_WARN_UNINITIALIZED_AUTOS = YES_AGGRESSIVE;
				GCC_WARN_UNUSED_FUNCTION = YES;
				GCC_WARN_UNUSED_VARIABLE = YES;
				IPHONEOS_DEPLOYMENT_TARGET = 16.4;
				MTL_ENABLE_DEBUG_INFO = INCLUDE_SOURCE;
				MTL_FAST_MATH = YES;
				ONLY_ACTIVE_ARCH = YES;
				SDKROOT = iphoneos;
				SWIFT_ACTIVE_COMPILATION_CONDITIONS = DEBUG;
				SWIFT_OPTIMIZATION_LEVEL = "-Onone";
			};
			name = Debug;
		};
		EBAEA6262A37540B004BF7E9 /* Release */ = {
			isa = XCBuildConfiguration;
			buildSettings = {
				ALWAYS_SEARCH_USER_PATHS = NO;
				CLANG_ANALYZER_LOCALIZABILITY_NONLOCALIZED = YES;
				CLANG_ANALYZER_NONNULL = YES;
				CLANG_ANALYZER_NUMBER_OBJECT_CONVERSION = YES_AGGRESSIVE;
				CLANG_CXX_LANGUAGE_STANDARD = "gnu++20";
				CLANG_ENABLE_MODULES = YES;
				CLANG_ENABLE_OBJC_ARC = YES;
				CLANG_ENABLE_OBJC_WEAK = YES;
				CLANG_WARN_BLOCK_CAPTURE_AUTORELEASING = YES;
				CLANG_WARN_BOOL_CONVERSION = YES;
				CLANG_WARN_COMMA = YES;
				CLANG_WARN_CONSTANT_CONVERSION = YES;
				CLANG_WARN_DEPRECATED_OBJC_IMPLEMENTATIONS = YES;
				CLANG_WARN_DIRECT_OBJC_ISA_USAGE = YES_ERROR;
				CLANG_WARN_DOCUMENTATION_COMMENTS = YES;
				CLANG_WARN_EMPTY_BODY = YES;
				CLANG_WARN_ENUM_CONVERSION = YES;
				CLANG_WARN_INFINITE_RECURSION = YES;
				CLANG_WARN_INT_CONVERSION = YES;
				CLANG_WARN_NON_LITERAL_NULL_CONVERSION = YES;
				CLANG_WARN_OBJC_IMPLICIT_RETAIN_SELF = YES;
				CLANG_WARN_OBJC_LITERAL_CONVERSION = YES;
				CLANG_WARN_OBJC_ROOT_CLASS = YES_ERROR;
				CLANG_WARN_QUOTED_INCLUDE_IN_FRAMEWORK_HEADER = YES;
				CLANG_WARN_RANGE_LOOP_ANALYSIS = YES;
				CLANG_WARN_STRICT_PROTOTYPES = YES;
				CLANG_WARN_SUSPICIOUS_MOVE = YES;
				CLANG_WARN_UNGUARDED_AVAILABILITY = YES_AGGRESSIVE;
				CLANG_WARN_UNREACHABLE_CODE = YES;
				CLANG_WARN__DUPLICATE_METHOD_MATCH = YES;
				COPY_PHASE_STRIP = NO;
				DEBUG_INFORMATION_FORMAT = "dwarf-with-dsym";
				ENABLE_NS_ASSERTIONS = NO;
				ENABLE_STRICT_OBJC_MSGSEND = YES;
				GCC_C_LANGUAGE_STANDARD = gnu11;
				GCC_NO_COMMON_BLOCKS = YES;
				GCC_WARN_64_TO_32_BIT_CONVERSION = YES;
				GCC_WARN_ABOUT_RETURN_TYPE = YES_ERROR;
				GCC_WARN_UNDECLARED_SELECTOR = YES;
				GCC_WARN_UNINITIALIZED_AUTOS = YES_AGGRESSIVE;
				GCC_WARN_UNUSED_FUNCTION = YES;
				GCC_WARN_UNUSED_VARIABLE = YES;
				IPHONEOS_DEPLOYMENT_TARGET = 16.4;
				MTL_ENABLE_DEBUG_INFO = NO;
				MTL_FAST_MATH = YES;
				SDKROOT = iphoneos;
				SWIFT_COMPILATION_MODE = wholemodule;
				SWIFT_OPTIMIZATION_LEVEL = "-O";
				VALIDATE_PRODUCT = YES;
			};
			name = Release;
		};
		EBAEA6282A37540B004BF7E9 /* Debug */ = {
			isa = XCBuildConfiguration;
			buildSettings = {
				ASSETCATALOG_COMPILER_APPICON_NAME = AppIcon;
				ASSETCATALOG_COMPILER_GLOBAL_ACCENT_COLOR_NAME = AccentColor;
				CODE_SIGN_STYLE = Automatic;
				CURRENT_PROJECT_VERSION = 1;
				DEVELOPMENT_ASSET_PATHS = "\"Uti/Preview Content\"";
				DEVELOPMENT_TEAM = 38JDBWN7B4;
				ENABLE_PREVIEWS = YES;
				GENERATE_INFOPLIST_FILE = YES;
				INFOPLIST_KEY_CFBundleDisplayName = Utinho;
				INFOPLIST_KEY_UIApplicationSceneManifest_Generation = YES;
				INFOPLIST_KEY_UIApplicationSupportsIndirectInputEvents = YES;
				INFOPLIST_KEY_UILaunchScreen_Generation = YES;
				INFOPLIST_KEY_UIRequiresFullScreen = YES;
				INFOPLIST_KEY_UISupportedInterfaceOrientations = UIInterfaceOrientationPortrait;
				IPHONEOS_DEPLOYMENT_TARGET = 16.4;
				LD_RUNPATH_SEARCH_PATHS = (
					"$(inherited)",
					"@executable_path/Frameworks",
				);
				MARKETING_VERSION = 1.0.1;
				PRODUCT_BUNDLE_IDENTIFIER = br.dengosinhos.Uti;
				PRODUCT_NAME = "$(TARGET_NAME)";
				SWIFT_EMIT_LOC_STRINGS = YES;
				SWIFT_VERSION = 5.0;
				TARGETED_DEVICE_FAMILY = "1,2";
			};
			name = Debug;
		};
		EBAEA6292A37540B004BF7E9 /* Release */ = {
			isa = XCBuildConfiguration;
			buildSettings = {
				ASSETCATALOG_COMPILER_APPICON_NAME = AppIcon;
				ASSETCATALOG_COMPILER_GLOBAL_ACCENT_COLOR_NAME = AccentColor;
				CODE_SIGN_STYLE = Automatic;
				CURRENT_PROJECT_VERSION = 1;
				DEVELOPMENT_ASSET_PATHS = "\"Uti/Preview Content\"";
				DEVELOPMENT_TEAM = 38JDBWN7B4;
				ENABLE_PREVIEWS = YES;
				GENERATE_INFOPLIST_FILE = YES;
				INFOPLIST_KEY_CFBundleDisplayName = Utinho;
				INFOPLIST_KEY_UIApplicationSceneManifest_Generation = YES;
				INFOPLIST_KEY_UIApplicationSupportsIndirectInputEvents = YES;
				INFOPLIST_KEY_UILaunchScreen_Generation = YES;
				INFOPLIST_KEY_UIRequiresFullScreen = YES;
				INFOPLIST_KEY_UISupportedInterfaceOrientations = UIInterfaceOrientationPortrait;
				IPHONEOS_DEPLOYMENT_TARGET = 16.4;
				LD_RUNPATH_SEARCH_PATHS = (
					"$(inherited)",
					"@executable_path/Frameworks",
				);
				MARKETING_VERSION = 1.0.1;
				PRODUCT_BUNDLE_IDENTIFIER = br.dengosinhos.Uti;
				PRODUCT_NAME = "$(TARGET_NAME)";
				SWIFT_EMIT_LOC_STRINGS = YES;
				SWIFT_VERSION = 5.0;
				TARGETED_DEVICE_FAMILY = "1,2";
			};
			name = Release;
		};
/* End XCBuildConfiguration section */

/* Begin XCConfigurationList section */
		EBAEA6142A37540A004BF7E9 /* Build configuration list for PBXProject "Uti" */ = {
			isa = XCConfigurationList;
			buildConfigurations = (
				EBAEA6252A37540B004BF7E9 /* Debug */,
				EBAEA6262A37540B004BF7E9 /* Release */,
			);
			defaultConfigurationIsVisible = 0;
			defaultConfigurationName = Release;
		};
		EBAEA6272A37540B004BF7E9 /* Build configuration list for PBXNativeTarget "Uti" */ = {
			isa = XCConfigurationList;
			buildConfigurations = (
				EBAEA6282A37540B004BF7E9 /* Debug */,
				EBAEA6292A37540B004BF7E9 /* Release */,
			);
			defaultConfigurationIsVisible = 0;
			defaultConfigurationName = Release;
		};
/* End XCConfigurationList section */
	};
	rootObject = EBAEA6112A37540A004BF7E9 /* Project object */;
}
